
Microsoft Visual Studio Solution File, Format Version 12.00
# Visual Studio Version 17
VisualStudioVersion = 17.11.35303.130
MinimumVisualStudioVersion = 10.0.40219.1
Project("{FAE04EC0-301F-11D3-BF4B-00C04F79EFBC}") = "14.10 задача 2", "14.10 задача 2.csproj", "{ED93652A-D539-41D9-ABFF-00E6ABBD2771}"
EndProject
Global
	GlobalSection(SolutionConfigurationPlatforms) = preSolution
		Debug|Any CPU = Debug|Any CPU
		Release|Any CPU = Release|Any CPU
	EndGlobalSection
	GlobalSection(ProjectConfigurationPlatforms) = postSolution
		{ED93652A-D539-41D9-ABFF-00E6ABBD2771}.Debug|Any CPU.ActiveCfg = Debug|Any CPU
		{ED93652A-D539-41D9-ABFF-00E6ABBD2771}.Debug|Any CPU.Build.0 = Debug|Any CPU
		{ED93652A-D539-41D9-ABFF-00E6ABBD2771}.Release|Any CPU.ActiveCfg = Release|Any CPU
		{ED93652A-D539-41D9-ABFF-00E6ABBD2771}.Release|Any CPU.Build.0 = Release|Any CPU
	EndGlobalSection
	GlobalSection(SolutionProperties) = preSolution
		HideSolutionNode = FALSE
	EndGlobalSection
	GlobalSection(ExtensibilityGlobals) = postSolution
		SolutionGuid = {FF696EE4-7FE0-4FCD-B116-1EF4BC1CAE33}
	EndGlobalSection
EndGlobal
