
Microsoft Visual Studio Solution File, Format Version 12.00
# Visual Studio Version 17
VisualStudioVersion = 17.11.35327.3
MinimumVisualStudioVersion = 10.0.40219.1
Project("{FAE04EC0-301F-11D3-BF4B-00C04F79EFBC}") = "задание_массивы", "задание_массивы.csproj", "{55156ED3-16FD-4392-A028-5E191DA167CB}"
EndProject
Global
	GlobalSection(SolutionConfigurationPlatforms) = preSolution
		Debug|Any CPU = Debug|Any CPU
		Release|Any CPU = Release|Any CPU
	EndGlobalSection
	GlobalSection(ProjectConfigurationPlatforms) = postSolution
		{55156ED3-16FD-4392-A028-5E191DA167CB}.Debug|Any CPU.ActiveCfg = Debug|Any CPU
		{55156ED3-16FD-4392-A028-5E191DA167CB}.Debug|Any CPU.Build.0 = Debug|Any CPU
		{55156ED3-16FD-4392-A028-5E191DA167CB}.Release|Any CPU.ActiveCfg = Release|Any CPU
		{55156ED3-16FD-4392-A028-5E191DA167CB}.Release|Any CPU.Build.0 = Release|Any CPU
	EndGlobalSection
	GlobalSection(SolutionProperties) = preSolution
		HideSolutionNode = FALSE
	EndGlobalSection
	GlobalSection(ExtensibilityGlobals) = postSolution
		SolutionGuid = {BCBB1294-197E-4218-8DFD-3CF61DE0E4A2}
	EndGlobalSection
EndGlobal
