
Microsoft Visual Studio Solution File, Format Version 12.00
# Visual Studio Version 17
VisualStudioVersion = 17.12.35728.132 d17.12
MinimumVisualStudioVersion = 10.0.40219.1
Project("{FAE04EC0-301F-11D3-BF4B-00C04F79EFBC}") = "PerfomanceLibrary", "PerfomanceLibrary.csproj", "{69AC995A-D03D-496A-B6CE-4BB74CF16344}"
EndProject
Project("{FAE04EC0-301F-11D3-BF4B-00C04F79EFBC}") = "PerfomanceLibrary.Tests", "..\PerfomanceLibrary.Tests\PerfomanceLibrary.Tests.csproj", "{7ADF6FC0-E081-4DAE-A4DA-4B8036F2BC75}"
	ProjectSection(ProjectDependencies) = postProject
		{69AC995A-D03D-496A-B6CE-4BB74CF16344} = {69AC995A-D03D-496A-B6CE-4BB74CF16344}
	EndProjectSection
EndProject
Global
	GlobalSection(SolutionConfigurationPlatforms) = preSolution
		Debug|Any CPU = Debug|Any CPU
		Release|Any CPU = Release|Any CPU
	EndGlobalSection
	GlobalSection(ProjectConfigurationPlatforms) = postSolution
		{69AC995A-D03D-496A-B6CE-4BB74CF16344}.Debug|Any CPU.ActiveCfg = Debug|Any CPU
		{69AC995A-D03D-496A-B6CE-4BB74CF16344}.Debug|Any CPU.Build.0 = Debug|Any CPU
		{69AC995A-D03D-496A-B6CE-4BB74CF16344}.Release|Any CPU.ActiveCfg = Release|Any CPU
		{69AC995A-D03D-496A-B6CE-4BB74CF16344}.Release|Any CPU.Build.0 = Release|Any CPU
		{7ADF6FC0-E081-4DAE-A4DA-4B8036F2BC75}.Debug|Any CPU.ActiveCfg = Debug|Any CPU
		{7ADF6FC0-E081-4DAE-A4DA-4B8036F2BC75}.Debug|Any CPU.Build.0 = Debug|Any CPU
		{7ADF6FC0-E081-4DAE-A4DA-4B8036F2BC75}.Release|Any CPU.ActiveCfg = Release|Any CPU
		{7ADF6FC0-E081-4DAE-A4DA-4B8036F2BC75}.Release|Any CPU.Build.0 = Release|Any CPU
	EndGlobalSection
	GlobalSection(SolutionProperties) = preSolution
		HideSolutionNode = FALSE
	EndGlobalSection
EndGlobal
