
Microsoft Visual Studio Solution File, Format Version 12.00
# Visual Studio Version 17
VisualStudioVersion = 17.11.35327.3
MinimumVisualStudioVersion = 10.0.40219.1
Project("{FAE04EC0-301F-11D3-BF4B-00C04F79EFBC}") = "задание_19_вариант", "задание_19_вариант.csproj", "{7BD502D8-1C15-4AAC-A754-1A64F9497292}"
EndProject
Global
	GlobalSection(SolutionConfigurationPlatforms) = preSolution
		Debug|Any CPU = Debug|Any CPU
		Release|Any CPU = Release|Any CPU
	EndGlobalSection
	GlobalSection(ProjectConfigurationPlatforms) = postSolution
		{7BD502D8-1C15-4AAC-A754-1A64F9497292}.Debug|Any CPU.ActiveCfg = Debug|Any CPU
		{7BD502D8-1C15-4AAC-A754-1A64F9497292}.Debug|Any CPU.Build.0 = Debug|Any CPU
		{7BD502D8-1C15-4AAC-A754-1A64F9497292}.Release|Any CPU.ActiveCfg = Release|Any CPU
		{7BD502D8-1C15-4AAC-A754-1A64F9497292}.Release|Any CPU.Build.0 = Release|Any CPU
	EndGlobalSection
	GlobalSection(SolutionProperties) = preSolution
		HideSolutionNode = FALSE
	EndGlobalSection
	GlobalSection(ExtensibilityGlobals) = postSolution
		SolutionGuid = {F9F4B939-9EAB-46FA-A668-C240F66C871C}
	EndGlobalSection
EndGlobal
