
Microsoft Visual Studio Solution File, Format Version 12.00
# Visual Studio Version 17
VisualStudioVersion = 17.11.35327.3
MinimumVisualStudioVersion = 10.0.40219.1
Project("{FAE04EC0-301F-11D3-BF4B-00C04F79EFBC}") = "задание_3", "задание_3.csproj", "{8393AB95-A006-4175-A093-7F11ECDFB69D}"
EndProject
Global
	GlobalSection(SolutionConfigurationPlatforms) = preSolution
		Debug|Any CPU = Debug|Any CPU
		Release|Any CPU = Release|Any CPU
	EndGlobalSection
	GlobalSection(ProjectConfigurationPlatforms) = postSolution
		{8393AB95-A006-4175-A093-7F11ECDFB69D}.Debug|Any CPU.ActiveCfg = Debug|Any CPU
		{8393AB95-A006-4175-A093-7F11ECDFB69D}.Debug|Any CPU.Build.0 = Debug|Any CPU
		{8393AB95-A006-4175-A093-7F11ECDFB69D}.Release|Any CPU.ActiveCfg = Release|Any CPU
		{8393AB95-A006-4175-A093-7F11ECDFB69D}.Release|Any CPU.Build.0 = Release|Any CPU
	EndGlobalSection
	GlobalSection(SolutionProperties) = preSolution
		HideSolutionNode = FALSE
	EndGlobalSection
	GlobalSection(ExtensibilityGlobals) = postSolution
		SolutionGuid = {157BAD7F-9316-44C1-860D-6BE544F61532}
	EndGlobalSection
EndGlobal
