
Microsoft Visual Studio Solution File, Format Version 12.00
# Visual Studio Version 17
VisualStudioVersion = 17.11.35303.130
MinimumVisualStudioVersion = 10.0.40219.1
Project("{FAE04EC0-301F-11D3-BF4B-00C04F79EFBC}") = "задание 2", "задание 2.csproj", "{D25AF4E1-69B4-46D3-B504-902EE194482A}"
EndProject
Global
	GlobalSection(SolutionConfigurationPlatforms) = preSolution
		Debug|Any CPU = Debug|Any CPU
		Release|Any CPU = Release|Any CPU
	EndGlobalSection
	GlobalSection(ProjectConfigurationPlatforms) = postSolution
		{D25AF4E1-69B4-46D3-B504-902EE194482A}.Debug|Any CPU.ActiveCfg = Debug|Any CPU
		{D25AF4E1-69B4-46D3-B504-902EE194482A}.Debug|Any CPU.Build.0 = Debug|Any CPU
		{D25AF4E1-69B4-46D3-B504-902EE194482A}.Release|Any CPU.ActiveCfg = Release|Any CPU
		{D25AF4E1-69B4-46D3-B504-902EE194482A}.Release|Any CPU.Build.0 = Release|Any CPU
	EndGlobalSection
	GlobalSection(SolutionProperties) = preSolution
		HideSolutionNode = FALSE
	EndGlobalSection
	GlobalSection(ExtensibilityGlobals) = postSolution
		SolutionGuid = {CFCDB836-0073-49B5-9AEF-6643D0D1C915}
	EndGlobalSection
EndGlobal
